
Microsoft Visual Studio Solution File, Format Version 12.00
# Visual Studio Version 17
VisualStudioVersion = 17.11.35222.181
MinimumVisualStudioVersion = 10.0.40219.1
Project("{FAE04EC0-301F-11D3-BF4B-00C04F79EFBC}") = "DotNet Bookstore", "DotNet Bookstore\DotNet Bookstore.csproj", "{B7BE897E-D844-450F-B449-9DAB98846FFC}"
EndProject
Global
	GlobalSection(SolutionConfigurationPlatforms) = preSolution
		Debug|Any CPU = Debug|Any CPU
		Release|Any CPU = Release|Any CPU
	EndGlobalSection
	GlobalSection(ProjectConfigurationPlatforms) = postSolution
		{B7BE897E-D844-450F-B449-9DAB98846FFC}.Debug|Any CPU.ActiveCfg = Debug|Any CPU
		{B7BE897E-D844-450F-B449-9DAB98846FFC}.Debug|Any CPU.Build.0 = Debug|Any CPU
		{B7BE897E-D844-450F-B449-9DAB98846FFC}.Release|Any CPU.ActiveCfg = Release|Any CPU
		{B7BE897E-D844-450F-B449-9DAB98846FFC}.Release|Any CPU.Build.0 = Release|Any CPU
	EndGlobalSection
	GlobalSection(SolutionProperties) = preSolution
		HideSolutionNode = FALSE
	EndGlobalSection
	GlobalSection(ExtensibilityGlobals) = postSolution
		SolutionGuid = {135A831E-3354-41B4-B83B-2AC2558922B7}
	EndGlobalSection
EndGlobal
